
Microsoft Visual Studio Solution File, Format Version 12.00
# Visual Studio 15
VisualStudioVersion = 15.0.27703.2026
MinimumVisualStudioVersion = 10.0.40219.1
Project("{9A19103F-16F7-4668-BE54-9A1E7A4F7556}") = "SuitSupplyProductTest", "SuitSupplyProductTest\SuitSupplyProductTest.csproj", "{BD180664-1597-4E7C-81B5-0239DA3F7262}"
EndProject
Project("{9A19103F-16F7-4668-BE54-9A1E7A4F7556}") = "SuitSupplyProductTest.Data", "SuitSupplyProductTest.Data\SuitSupplyProductTest.Data.csproj", "{0198ACE9-6557-4D77-991A-EA257A444E46}"
EndProject
Project("{9A19103F-16F7-4668-BE54-9A1E7A4F7556}") = "SuitSupplyProductTest.Tests", "SuitSupplyProductTest.Tests\SuitSupplyProductTest.Tests.csproj", "{CB203713-025F-4452-984C-DA633CE5FA71}"
EndProject
Project("{9A19103F-16F7-4668-BE54-9A1E7A4F7556}") = "SuitSupplyProductTest.Services", "SuitSupplyProductTest.Services\SuitSupplyProductTest.Services.csproj", "{3DA93A08-87B5-4E36-A946-A71C242DDC89}"
EndProject
Global
	GlobalSection(SolutionConfigurationPlatforms) = preSolution
		Debug|Any CPU = Debug|Any CPU
		Release|Any CPU = Release|Any CPU
	EndGlobalSection
	GlobalSection(ProjectConfigurationPlatforms) = postSolution
		{BD180664-1597-4E7C-81B5-0239DA3F7262}.Debug|Any CPU.ActiveCfg = Debug|Any CPU
		{BD180664-1597-4E7C-81B5-0239DA3F7262}.Debug|Any CPU.Build.0 = Debug|Any CPU
		{BD180664-1597-4E7C-81B5-0239DA3F7262}.Release|Any CPU.ActiveCfg = Release|Any CPU
		{BD180664-1597-4E7C-81B5-0239DA3F7262}.Release|Any CPU.Build.0 = Release|Any CPU
		{0198ACE9-6557-4D77-991A-EA257A444E46}.Debug|Any CPU.ActiveCfg = Debug|Any CPU
		{0198ACE9-6557-4D77-991A-EA257A444E46}.Debug|Any CPU.Build.0 = Debug|Any CPU
		{0198ACE9-6557-4D77-991A-EA257A444E46}.Release|Any CPU.ActiveCfg = Release|Any CPU
		{0198ACE9-6557-4D77-991A-EA257A444E46}.Release|Any CPU.Build.0 = Release|Any CPU
		{CB203713-025F-4452-984C-DA633CE5FA71}.Debug|Any CPU.ActiveCfg = Debug|Any CPU
		{CB203713-025F-4452-984C-DA633CE5FA71}.Debug|Any CPU.Build.0 = Debug|Any CPU
		{CB203713-025F-4452-984C-DA633CE5FA71}.Release|Any CPU.ActiveCfg = Release|Any CPU
		{CB203713-025F-4452-984C-DA633CE5FA71}.Release|Any CPU.Build.0 = Release|Any CPU
		{3DA93A08-87B5-4E36-A946-A71C242DDC89}.Debug|Any CPU.ActiveCfg = Debug|Any CPU
		{3DA93A08-87B5-4E36-A946-A71C242DDC89}.Debug|Any CPU.Build.0 = Debug|Any CPU
		{3DA93A08-87B5-4E36-A946-A71C242DDC89}.Release|Any CPU.ActiveCfg = Release|Any CPU
		{3DA93A08-87B5-4E36-A946-A71C242DDC89}.Release|Any CPU.Build.0 = Release|Any CPU
	EndGlobalSection
	GlobalSection(SolutionProperties) = preSolution
		HideSolutionNode = FALSE
	EndGlobalSection
	GlobalSection(ExtensibilityGlobals) = postSolution
		SolutionGuid = {C15D3522-BE8C-4949-ACC2-5A995B3B6DCC}
	EndGlobalSection
EndGlobal
